# This file is autogenerated, do not edit; changes may be undone by the next 'dep ensure'.


[[projects]]
  branch = "master"
  name = "github.com/golang/protobuf"
  packages = ["proto"]
  revision = "6a1fa9404c0aebf36c879bc50152edcc953910d2"

[[projects]]
  branch = "master"
  name = "github.com/shurcooL/githubql"
  packages = [".","internal/hacky/caseconv"]
  revision = "0b00ca5879d0039d6c5b952b12db938d33fc5d51"

[[projects]]
  branch = "master"
  name = "github.com/shurcooL/go"
  packages = ["ctxhttp"]
  revision = "b9e5dad7a86793a33644af3080d4c61798749c3a"

[[projects]]
  branch = "master"
  name = "golang.org/x/net"
  packages = ["context","context/ctxhttp"]
  revision = "054b33e6527139ad5b1ec2f6232c3b175bd9a30c"

[[projects]]
  branch = "master"
  name = "golang.org/x/oauth2"
  packages = [".","internal"]
  revision = "cce311a261e6fcf29de72ca96827bdb0b7d9c9e6"

[[projects]]
  name = "google.golang.org/appengine"
  packages = ["internal","internal/base","internal/datastore","internal/log","internal/remote_api","internal/urlfetch","urlfetch"]
  revision = "150dc57a1b433e64154302bdc40b6bb8aefa313a"
  version = "v1.0.0"

[solve-meta]
  analyzer-name = "dep"
  analyzer-version = 1
  inputs-digest = "dc0f36e419f8f50d7c6ac8ebe3b96851558ad9a925dee531dd03ef88ba90eef3"
  solver-name = "gps-cdcl"
  solver-version = 1
